
Microsoft Visual Studio Solution File, Format Version 12.00
# Visual Studio Version 16
VisualStudioVersion = 16.0.30406.217
MinimumVisualStudioVersion = 10.0.40219.1
Project("{FAE04EC0-301F-11D3-BF4B-00C04F79EFBC}") = "demoGitHub", "demoGitHub\demoGitHub.csproj", "{85D496A2-C0E5-4C44-B6F4-663C4FCF87E2}"
EndProject
Global
	GlobalSection(SolutionConfigurationPlatforms) = preSolution
		Debug|Any CPU = Debug|Any CPU
		Release|Any CPU = Release|Any CPU
	EndGlobalSection
	GlobalSection(ProjectConfigurationPlatforms) = postSolution
		{85D496A2-C0E5-4C44-B6F4-663C4FCF87E2}.Debug|Any CPU.ActiveCfg = Debug|Any CPU
		{85D496A2-C0E5-4C44-B6F4-663C4FCF87E2}.Debug|Any CPU.Build.0 = Debug|Any CPU
		{85D496A2-C0E5-4C44-B6F4-663C4FCF87E2}.Release|Any CPU.ActiveCfg = Release|Any CPU
		{85D496A2-C0E5-4C44-B6F4-663C4FCF87E2}.Release|Any CPU.Build.0 = Release|Any CPU
	EndGlobalSection
	GlobalSection(SolutionProperties) = preSolution
		HideSolutionNode = FALSE
	EndGlobalSection
	GlobalSection(ExtensibilityGlobals) = postSolution
		SolutionGuid = {B6E70139-5657-4D06-98E8-9CA556EDEAD7}
	EndGlobalSection
EndGlobal
